
Microsoft Visual Studio Solution File, Format Version 12.00
# Visual Studio 15
VisualStudioVersion = 15.0.27130.2036
MinimumVisualStudioVersion = 10.0.40219.1
Project("{FAE04EC0-301F-11D3-BF4B-00C04F79EFBC}") = "TestReopVS", "TestReopVS\TestReopVS.csproj", "{D16CCB81-606D-4C26-9D2A-2D4AAA8E4F9C}"
EndProject
Global
	GlobalSection(SolutionConfigurationPlatforms) = preSolution
		Debug|Any CPU = Debug|Any CPU
		Release|Any CPU = Release|Any CPU
	EndGlobalSection
	GlobalSection(ProjectConfigurationPlatforms) = postSolution
		{D16CCB81-606D-4C26-9D2A-2D4AAA8E4F9C}.Debug|Any CPU.ActiveCfg = Debug|Any CPU
		{D16CCB81-606D-4C26-9D2A-2D4AAA8E4F9C}.Debug|Any CPU.Build.0 = Debug|Any CPU
		{D16CCB81-606D-4C26-9D2A-2D4AAA8E4F9C}.Release|Any CPU.ActiveCfg = Release|Any CPU
		{D16CCB81-606D-4C26-9D2A-2D4AAA8E4F9C}.Release|Any CPU.Build.0 = Release|Any CPU
	EndGlobalSection
	GlobalSection(SolutionProperties) = preSolution
		HideSolutionNode = FALSE
	EndGlobalSection
	GlobalSection(ExtensibilityGlobals) = postSolution
		SolutionGuid = {823DCBA6-595A-4B3A-8BC7-10EEABA7580C}
	EndGlobalSection
EndGlobal
